// !$*UTF8*$!
{
	archiveVersion = 1;
	classes = {
	};
	objectVersion = 55;
	objects = {

/* Begin PBXBuildFile section */
		AD239F3E283A50C4003A599E /* ExtensionVC.swift in Sources */ = {isa = PBXBuildFile; fileRef = AD239F3D283A50C4003A599E /* ExtensionVC.swift */; };
		AD367F0C282C47E800592D0D /* AppDelegate.swift in Sources */ = {isa = PBXBuildFile; fileRef = AD367F0B282C47E800592D0D /* AppDelegate.swift */; };
		AD367F0E282C47E800592D0D /* SceneDelegate.swift in Sources */ = {isa = PBXBuildFile; fileRef = AD367F0D282C47E800592D0D /* SceneDelegate.swift */; };
		AD367F10282C47E800592D0D /* MapViewController.swift in Sources */ = {isa = PBXBuildFile; fileRef = AD367F0F282C47E800592D0D /* MapViewController.swift */; };
		AD367F13282C47E800592D0D /* Main.storyboard in Resources */ = {isa = PBXBuildFile; fileRef = AD367F11282C47E800592D0D /* Main.storyboard */; };
		AD367F15282C47EB00592D0D /* Assets.xcassets in Resources */ = {isa = PBXBuildFile; fileRef = AD367F14282C47EB00592D0D /* Assets.xcassets */; };
		AD367F18282C47EB00592D0D /* LaunchScreen.storyboard in Resources */ = {isa = PBXBuildFile; fileRef = AD367F16282C47EB00592D0D /* LaunchScreen.storyboard */; };
		AD367F20282C508B00592D0D /* Sights.swift in Sources */ = {isa = PBXBuildFile; fileRef = AD367F1F282C508B00592D0D /* Sights.swift */; };
		AD367F23282C50AB00592D0D /* Sight.swift in Sources */ = {isa = PBXBuildFile; fileRef = AD367F22282C50AB00592D0D /* Sight.swift */; };
		AD367F25282C667400592D0D /* SightViews.swift in Sources */ = {isa = PBXBuildFile; fileRef = AD367F24282C667400592D0D /* SightViews.swift */; };
		AD367F29282D6C9300592D0D /* GoogleService-Info.plist in Resources */ = {isa = PBXBuildFile; fileRef = AD367F28282D6C9300592D0D /* GoogleService-Info.plist */; };
		AD367F2B282D71D300592D0D /* ApiManager.swift in Sources */ = {isa = PBXBuildFile; fileRef = AD367F2A282D71D200592D0D /* ApiManager.swift */; };
		AD5016FC2832F9E40032A910 /* DetailedCardViewController.swift in Sources */ = {isa = PBXBuildFile; fileRef = AD5016FB2832F9E40032A910 /* DetailedCardViewController.swift */; };
		AD5017022833D5070032A910 /* MenuTableViewCell.swift in Sources */ = {isa = PBXBuildFile; fileRef = AD5017012833D5070032A910 /* MenuTableViewCell.swift */; };
		AD501704283446200032A910 /* CardCollectionViewController.swift in Sources */ = {isa = PBXBuildFile; fileRef = AD501703283446200032A910 /* CardCollectionViewController.swift */; };
		AD501706283448BC0032A910 /* CardViewCell.swift in Sources */ = {isa = PBXBuildFile; fileRef = AD501705283448BC0032A910 /* CardViewCell.swift */; };
		AD54AE65283E544700671FF4 /* FilterItemCollectionViewCell.swift in Sources */ = {isa = PBXBuildFile; fileRef = AD54AE64283E544700671FF4 /* FilterItemCollectionViewCell.swift */; };
		AD54AE67283E7ED500671FF4 /* BannerCollectionViewCell.swift in Sources */ = {isa = PBXBuildFile; fileRef = AD54AE66283E7ED500671FF4 /* BannerCollectionViewCell.swift */; };
		ADB97E2E2837993E0086A9BF /* MenuItemCell.swift in Sources */ = {isa = PBXBuildFile; fileRef = ADB97E2D2837993E0086A9BF /* MenuItemCell.swift */; };
		ADB97E342837AE520086A9BF /* MenuContainerViewController.swift in Sources */ = {isa = PBXBuildFile; fileRef = ADB97E332837AE520086A9BF /* MenuContainerViewController.swift */; };
		ADB97E392837BD040086A9BF /* MenuConfiguration.swift in Sources */ = {isa = PBXBuildFile; fileRef = ADB97E382837BD040086A9BF /* MenuConfiguration.swift */; };
		ADDC6F3B28315A3E004F5EBA /* CardView_TableView.swift in Sources */ = {isa = PBXBuildFile; fileRef = ADDC6F3A28315A3E004F5EBA /* CardView_TableView.swift */; };
		ADDC6F432831A346004F5EBA /* Constants.swift in Sources */ = {isa = PBXBuildFile; fileRef = ADDC6F422831A346004F5EBA /* Constants.swift */; };
		ADE926012830305F00F8EDA3 /* ListTableViewController.swift in Sources */ = {isa = PBXBuildFile; fileRef = ADE926002830305F00F8EDA3 /* ListTableViewController.swift */; };
		ADE9260428303E5A00F8EDA3 /* TabBarController.swift in Sources */ = {isa = PBXBuildFile; fileRef = ADE9260328303E5A00F8EDA3 /* TabBarController.swift */; };
		FEF6006EDD02DF61BA2E3D2A /* Pods_FirstMapKitApp.framework in Frameworks */ = {isa = PBXBuildFile; fileRef = EDFEE70C7F68CA340388FD56 /* Pods_FirstMapKitApp.framework */; };
/* End PBXBuildFile section */

/* Begin PBXFileReference section */
		30DCF0236A5E1B48B64587FA /* Pods-FirstMapKitApp.debug.xcconfig */ = {isa = PBXFileReference; includeInIndex = 1; lastKnownFileType = text.xcconfig; name = "Pods-FirstMapKitApp.debug.xcconfig"; path = "Target Support Files/Pods-FirstMapKitApp/Pods-FirstMapKitApp.debug.xcconfig"; sourceTree = "<group>"; };
		728976EFC97C3C9A3A521BB5 /* Pods-FirstMapKitApp.release.xcconfig */ = {isa = PBXFileReference; includeInIndex = 1; lastKnownFileType = text.xcconfig; name = "Pods-FirstMapKitApp.release.xcconfig"; path = "Target Support Files/Pods-FirstMapKitApp/Pods-FirstMapKitApp.release.xcconfig"; sourceTree = "<group>"; };
		AD239F3D283A50C4003A599E /* ExtensionVC.swift */ = {isa = PBXFileReference; lastKnownFileType = sourcecode.swift; path = ExtensionVC.swift; sourceTree = "<group>"; };
		AD367F08282C47E800592D0D /* FirstMapKitApp.app */ = {isa = PBXFileReference; explicitFileType = wrapper.application; includeInIndex = 0; path = FirstMapKitApp.app; sourceTree = BUILT_PRODUCTS_DIR; };
		AD367F0B282C47E800592D0D /* AppDelegate.swift */ = {isa = PBXFileReference; lastKnownFileType = sourcecode.swift; path = AppDelegate.swift; sourceTree = "<group>"; };
		AD367F0D282C47E800592D0D /* SceneDelegate.swift */ = {isa = PBXFileReference; lastKnownFileType = sourcecode.swift; path = SceneDelegate.swift; sourceTree = "<group>"; };
		AD367F0F282C47E800592D0D /* MapViewController.swift */ = {isa = PBXFileReference; lastKnownFileType = sourcecode.swift; path = MapViewController.swift; sourceTree = "<group>"; };
		AD367F12282C47E800592D0D /* Base */ = {isa = PBXFileReference; lastKnownFileType = file.storyboard; name = Base; path = Base.lproj/Main.storyboard; sourceTree = "<group>"; };
		AD367F14282C47EB00592D0D /* Assets.xcassets */ = {isa = PBXFileReference; lastKnownFileType = folder.assetcatalog; path = Assets.xcassets; sourceTree = "<group>"; };
		AD367F17282C47EB00592D0D /* Base */ = {isa = PBXFileReference; lastKnownFileType = file.storyboard; name = Base; path = Base.lproj/LaunchScreen.storyboard; sourceTree = "<group>"; };
		AD367F19282C47EB00592D0D /* Info.plist */ = {isa = PBXFileReference; lastKnownFileType = text.plist.xml; path = Info.plist; sourceTree = "<group>"; };
		AD367F1F282C508B00592D0D /* Sights.swift */ = {isa = PBXFileReference; lastKnownFileType = sourcecode.swift; path = Sights.swift; sourceTree = "<group>"; };
		AD367F22282C50AB00592D0D /* Sight.swift */ = {isa = PBXFileReference; lastKnownFileType = sourcecode.swift; path = Sight.swift; sourceTree = "<group>"; };
		AD367F24282C667400592D0D /* SightViews.swift */ = {isa = PBXFileReference; lastKnownFileType = sourcecode.swift; path = SightViews.swift; sourceTree = "<group>"; };
		AD367F28282D6C9300592D0D /* GoogleService-Info.plist */ = {isa = PBXFileReference; fileEncoding = 4; lastKnownFileType = text.plist.xml; name = "GoogleService-Info.plist"; path = "../../../../Downloads/GoogleService-Info.plist"; sourceTree = "<group>"; };
		AD367F2A282D71D200592D0D /* ApiManager.swift */ = {isa = PBXFileReference; lastKnownFileType = sourcecode.swift; path = ApiManager.swift; sourceTree = "<group>"; };
		AD5016FB2832F9E40032A910 /* DetailedCardViewController.swift */ = {isa = PBXFileReference; lastKnownFileType = sourcecode.swift; path = DetailedCardViewController.swift; sourceTree = "<group>"; };
		AD5017012833D5070032A910 /* MenuTableViewCell.swift */ = {isa = PBXFileReference; lastKnownFileType = sourcecode.swift; path = MenuTableViewCell.swift; sourceTree = "<group>"; };
		AD501703283446200032A910 /* CardCollectionViewController.swift */ = {isa = PBXFileReference; lastKnownFileType = sourcecode.swift; path = CardCollectionViewController.swift; sourceTree = "<group>"; };
		AD501705283448BC0032A910 /* CardViewCell.swift */ = {isa = PBXFileReference; lastKnownFileType = sourcecode.swift; path = CardViewCell.swift; sourceTree = "<group>"; };
		AD54AE64283E544700671FF4 /* FilterItemCollectionViewCell.swift */ = {isa = PBXFileReference; lastKnownFileType = sourcecode.swift; path = FilterItemCollectionViewCell.swift; sourceTree = "<group>"; };
		AD54AE66283E7ED500671FF4 /* BannerCollectionViewCell.swift */ = {isa = PBXFileReference; lastKnownFileType = sourcecode.swift; path = BannerCollectionViewCell.swift; sourceTree = "<group>"; };
		ADB97E2D2837993E0086A9BF /* MenuItemCell.swift */ = {isa = PBXFileReference; lastKnownFileType = sourcecode.swift; path = MenuItemCell.swift; sourceTree = "<group>"; };
		ADB97E332837AE520086A9BF /* MenuContainerViewController.swift */ = {isa = PBXFileReference; lastKnownFileType = sourcecode.swift; path = MenuContainerViewController.swift; sourceTree = "<group>"; };
		ADB97E382837BD040086A9BF /* MenuConfiguration.swift */ = {isa = PBXFileReference; lastKnownFileType = sourcecode.swift; path = MenuConfiguration.swift; sourceTree = "<group>"; };
		ADDC6F3A28315A3E004F5EBA /* CardView_TableView.swift */ = {isa = PBXFileReference; lastKnownFileType = sourcecode.swift; path = CardView_TableView.swift; sourceTree = "<group>"; };
		ADDC6F422831A346004F5EBA /* Constants.swift */ = {isa = PBXFileReference; lastKnownFileType = sourcecode.swift; path = Constants.swift; sourceTree = "<group>"; };
		ADE926002830305F00F8EDA3 /* ListTableViewController.swift */ = {isa = PBXFileReference; lastKnownFileType = sourcecode.swift; path = ListTableViewController.swift; sourceTree = "<group>"; };
		ADE9260328303E5A00F8EDA3 /* TabBarController.swift */ = {isa = PBXFileReference; lastKnownFileType = sourcecode.swift; path = TabBarController.swift; sourceTree = "<group>"; };
		EDFEE70C7F68CA340388FD56 /* Pods_FirstMapKitApp.framework */ = {isa = PBXFileReference; explicitFileType = wrapper.framework; includeInIndex = 0; path = Pods_FirstMapKitApp.framework; sourceTree = BUILT_PRODUCTS_DIR; };
/* End PBXFileReference section */

/* Begin PBXFrameworksBuildPhase section */
		AD367F05282C47E800592D0D /* Frameworks */ = {
			isa = PBXFrameworksBuildPhase;
			buildActionMask = 2147483647;
			files = (
				FEF6006EDD02DF61BA2E3D2A /* Pods_FirstMapKitApp.framework in Frameworks */,
			);
			runOnlyForDeploymentPostprocessing = 0;
		};
/* End PBXFrameworksBuildPhase section */

/* Begin PBXGroup section */
		026602CFD98F194154C9A0E5 /* Frameworks */ = {
			isa = PBXGroup;
			children = (
				EDFEE70C7F68CA340388FD56 /* Pods_FirstMapKitApp.framework */,
			);
			name = Frameworks;
			sourceTree = "<group>";
		};
		7D0283AA16B2608AD7D2EC8E /* Pods */ = {
			isa = PBXGroup;
			children = (
				30DCF0236A5E1B48B64587FA /* Pods-FirstMapKitApp.debug.xcconfig */,
				728976EFC97C3C9A3A521BB5 /* Pods-FirstMapKitApp.release.xcconfig */,
			);
			path = Pods;
			sourceTree = "<group>";
		};
		AD239F3F283A530F003A599E /* Extensions */ = {
			isa = PBXGroup;
			children = (
				AD239F3D283A50C4003A599E /* ExtensionVC.swift */,
			);
			path = Extensions;
			sourceTree = "<group>";
		};
		AD367EFF282C47E800592D0D = {
			isa = PBXGroup;
			children = (
				AD367F0A282C47E800592D0D /* FirstMapKitApp */,
				AD367F09282C47E800592D0D /* Products */,
				7D0283AA16B2608AD7D2EC8E /* Pods */,
				026602CFD98F194154C9A0E5 /* Frameworks */,
			);
			sourceTree = "<group>";
		};
		AD367F09282C47E800592D0D /* Products */ = {
			isa = PBXGroup;
			children = (
				AD367F08282C47E800592D0D /* FirstMapKitApp.app */,
			);
			name = Products;
			sourceTree = "<group>";
		};
		AD367F0A282C47E800592D0D /* FirstMapKitApp */ = {
			isa = PBXGroup;
			children = (
				ADB97E372837BCE20086A9BF /* SideMenu */,
				ADDC6F3928315A1D004F5EBA /* View */,
				ADE9260228303DDD00F8EDA3 /* ViewControllers */,
				AD367F21282C50A100592D0D /* Model */,
				AD367F0B282C47E800592D0D /* AppDelegate.swift */,
				AD367F0D282C47E800592D0D /* SceneDelegate.swift */,
				AD367F11282C47E800592D0D /* Main.storyboard */,
				AD367F14282C47EB00592D0D /* Assets.xcassets */,
				AD367F16282C47EB00592D0D /* LaunchScreen.storyboard */,
				AD367F19282C47EB00592D0D /* Info.plist */,
				AD367F1F282C508B00592D0D /* Sights.swift */,
				AD367F28282D6C9300592D0D /* GoogleService-Info.plist */,
				AD367F2A282D71D200592D0D /* ApiManager.swift */,
			);
			path = FirstMapKitApp;
			sourceTree = "<group>";
		};
		AD367F21282C50A100592D0D /* Model */ = {
			isa = PBXGroup;
			children = (
				AD367F22282C50AB00592D0D /* Sight.swift */,
				ADDC6F422831A346004F5EBA /* Constants.swift */,
			);
			path = Model;
			sourceTree = "<group>";
		};
		ADB97E372837BCE20086A9BF /* SideMenu */ = {
			isa = PBXGroup;
			children = (
				ADB97E382837BD040086A9BF /* MenuConfiguration.swift */,
			);
			path = SideMenu;
			sourceTree = "<group>";
		};
		ADDC6F3928315A1D004F5EBA /* View */ = {
			isa = PBXGroup;
			children = (
				ADDC6F3A28315A3E004F5EBA /* CardView_TableView.swift */,
				AD5017012833D5070032A910 /* MenuTableViewCell.swift */,
				AD367F24282C667400592D0D /* SightViews.swift */,
				AD501705283448BC0032A910 /* CardViewCell.swift */,
				ADB97E2D2837993E0086A9BF /* MenuItemCell.swift */,
				AD54AE64283E544700671FF4 /* FilterItemCollectionViewCell.swift */,
				AD54AE66283E7ED500671FF4 /* BannerCollectionViewCell.swift */,
			);
			path = View;
			sourceTree = "<group>";
		};
		ADE9260228303DDD00F8EDA3 /* ViewControllers */ = {
			isa = PBXGroup;
			children = (
				AD239F3F283A530F003A599E /* Extensions */,
				AD367F0F282C47E800592D0D /* MapViewController.swift */,
				ADE926002830305F00F8EDA3 /* ListTableViewController.swift */,
				ADE9260328303E5A00F8EDA3 /* TabBarController.swift */,
				AD5016FB2832F9E40032A910 /* DetailedCardViewController.swift */,
				AD501703283446200032A910 /* CardCollectionViewController.swift */,
				ADB97E332837AE520086A9BF /* MenuContainerViewController.swift */,
			);
			path = ViewControllers;
			sourceTree = "<group>";
		};
/* End PBXGroup section */

/* Begin PBXNativeTarget section */
		AD367F07282C47E800592D0D /* FirstMapKitApp */ = {
			isa = PBXNativeTarget;
			buildConfigurationList = AD367F1C282C47EB00592D0D /* Build configuration list for PBXNativeTarget "FirstMapKitApp" */;
			buildPhases = (
				F61D601A5BFA6FCDEF0C02FB /* [CP] Check Pods Manifest.lock */,
				AD367F04282C47E800592D0D /* Sources */,
				AD367F05282C47E800592D0D /* Frameworks */,
				AD367F06282C47E800592D0D /* Resources */,
				517BCF7560BF594A81267496 /* [CP] Embed Pods Frameworks */,
			);
			buildRules = (
			);
			dependencies = (
			);
			name = FirstMapKitApp;
			productName = FirstMapKitApp;
			productReference = AD367F08282C47E800592D0D /* FirstMapKitApp.app */;
			productType = "com.apple.product-type.application";
		};
/* End PBXNativeTarget section */

/* Begin PBXProject section */
		AD367F00282C47E800592D0D /* Project object */ = {
			isa = PBXProject;
			attributes = {
				BuildIndependentTargetsInParallel = 1;
				LastSwiftUpdateCheck = 1320;
				LastUpgradeCheck = 1320;
				TargetAttributes = {
					AD367F07282C47E800592D0D = {
						CreatedOnToolsVersion = 13.2.1;
					};
				};
			};
			buildConfigurationList = AD367F03282C47E800592D0D /* Build configuration list for PBXProject "FirstMapKitApp" */;
			compatibilityVersion = "Xcode 13.0";
			developmentRegion = en;
			hasScannedForEncodings = 0;
			knownRegions = (
				en,
				Base,
			);
			mainGroup = AD367EFF282C47E800592D0D;
			productRefGroup = AD367F09282C47E800592D0D /* Products */;
			projectDirPath = "";
			projectRoot = "";
			targets = (
				AD367F07282C47E800592D0D /* FirstMapKitApp */,
			);
		};
/* End PBXProject section */

/* Begin PBXResourcesBuildPhase section */
		AD367F06282C47E800592D0D /* Resources */ = {
			isa = PBXResourcesBuildPhase;
			buildActionMask = 2147483647;
			files = (
				AD367F18282C47EB00592D0D /* LaunchScreen.storyboard in Resources */,
				AD367F29282D6C9300592D0D /* GoogleService-Info.plist in Resources */,
				AD367F15282C47EB00592D0D /* Assets.xcassets in Resources */,
				AD367F13282C47E800592D0D /* Main.storyboard in Resources */,
			);
			runOnlyForDeploymentPostprocessing = 0;
		};
/* End PBXResourcesBuildPhase section */

/* Begin PBXShellScriptBuildPhase section */
		517BCF7560BF594A81267496 /* [CP] Embed Pods Frameworks */ = {
			isa = PBXShellScriptBuildPhase;
			buildActionMask = 2147483647;
			files = (
			);
			inputFileListPaths = (
				"${PODS_ROOT}/Target Support Files/Pods-FirstMapKitApp/Pods-FirstMapKitApp-frameworks-${CONFIGURATION}-input-files.xcfilelist",
			);
			name = "[CP] Embed Pods Frameworks";
			outputFileListPaths = (
				"${PODS_ROOT}/Target Support Files/Pods-FirstMapKitApp/Pods-FirstMapKitApp-frameworks-${CONFIGURATION}-output-files.xcfilelist",
			);
			runOnlyForDeploymentPostprocessing = 0;
			shellPath = /bin/sh;
			shellScript = "\"${PODS_ROOT}/Target Support Files/Pods-FirstMapKitApp/Pods-FirstMapKitApp-frameworks.sh\"\n";
			showEnvVarsInLog = 0;
		};
		F61D601A5BFA6FCDEF0C02FB /* [CP] Check Pods Manifest.lock */ = {
			isa = PBXShellScriptBuildPhase;
			buildActionMask = 2147483647;
			files = (
			);
			inputFileListPaths = (
			);
			inputPaths = (
				"${PODS_PODFILE_DIR_PATH}/Podfile.lock",
				"${PODS_ROOT}/Manifest.lock",
			);
			name = "[CP] Check Pods Manifest.lock";
			outputFileListPaths = (
			);
			outputPaths = (
				"$(DERIVED_FILE_DIR)/Pods-FirstMapKitApp-checkManifestLockResult.txt",
			);
			runOnlyForDeploymentPostprocessing = 0;
			shellPath = /bin/sh;
			shellScript = "diff \"${PODS_PODFILE_DIR_PATH}/Podfile.lock\" \"${PODS_ROOT}/Manifest.lock\" > /dev/null\nif [ $? != 0 ] ; then\n    # print error to STDERR\n    echo \"error: The sandbox is not in sync with the Podfile.lock. Run 'pod install' or update your CocoaPods installation.\" >&2\n    exit 1\nfi\n# This output is used by Xcode 'outputs' to avoid re-running this script phase.\necho \"SUCCESS\" > \"${SCRIPT_OUTPUT_FILE_0}\"\n";
			showEnvVarsInLog = 0;
		};
/* End PBXShellScriptBuildPhase section */

/* Begin PBXSourcesBuildPhase section */
		AD367F04282C47E800592D0D /* Sources */ = {
			isa = PBXSourcesBuildPhase;
			buildActionMask = 2147483647;
			files = (
				AD367F25282C667400592D0D /* SightViews.swift in Sources */,
				AD54AE65283E544700671FF4 /* FilterItemCollectionViewCell.swift in Sources */,
				ADB97E342837AE520086A9BF /* MenuContainerViewController.swift in Sources */,
				AD54AE67283E7ED500671FF4 /* BannerCollectionViewCell.swift in Sources */,
				AD367F10282C47E800592D0D /* MapViewController.swift in Sources */,
				AD501706283448BC0032A910 /* CardViewCell.swift in Sources */,
				AD367F20282C508B00592D0D /* Sights.swift in Sources */,
				ADE9260428303E5A00F8EDA3 /* TabBarController.swift in Sources */,
				ADB97E2E2837993E0086A9BF /* MenuItemCell.swift in Sources */,
				ADB97E392837BD040086A9BF /* MenuConfiguration.swift in Sources */,
				ADDC6F3B28315A3E004F5EBA /* CardView_TableView.swift in Sources */,
				AD367F2B282D71D300592D0D /* ApiManager.swift in Sources */,
				ADE926012830305F00F8EDA3 /* ListTableViewController.swift in Sources */,
				AD367F0C282C47E800592D0D /* AppDelegate.swift in Sources */,
				ADDC6F432831A346004F5EBA /* Constants.swift in Sources */,
				AD5017022833D5070032A910 /* MenuTableViewCell.swift in Sources */,
				AD501704283446200032A910 /* CardCollectionViewController.swift in Sources */,
				AD367F23282C50AB00592D0D /* Sight.swift in Sources */,
				AD367F0E282C47E800592D0D /* SceneDelegate.swift in Sources */,
				AD5016FC2832F9E40032A910 /* DetailedCardViewController.swift in Sources */,
				AD239F3E283A50C4003A599E /* ExtensionVC.swift in Sources */,
			);
			runOnlyForDeploymentPostprocessing = 0;
		};
/* End PBXSourcesBuildPhase section */

/* Begin PBXVariantGroup section */
		AD367F11282C47E800592D0D /* Main.storyboard */ = {
			isa = PBXVariantGroup;
			children = (
				AD367F12282C47E800592D0D /* Base */,
			);
			name = Main.storyboard;
			sourceTree = "<group>";
		};
		AD367F16282C47EB00592D0D /* LaunchScreen.storyboard */ = {
			isa = PBXVariantGroup;
			children = (
				AD367F17282C47EB00592D0D /* Base */,
			);
			name = LaunchScreen.storyboard;
			sourceTree = "<group>";
		};
/* End PBXVariantGroup section */

/* Begin XCBuildConfiguration section */
		AD367F1A282C47EB00592D0D /* Debug */ = {
			isa = XCBuildConfiguration;
			buildSettings = {
				ALWAYS_SEARCH_USER_PATHS = NO;
				CLANG_ANALYZER_NONNULL = YES;
				CLANG_ANALYZER_NUMBER_OBJECT_CONVERSION = YES_AGGRESSIVE;
				CLANG_CXX_LANGUAGE_STANDARD = "gnu++17";
				CLANG_CXX_LIBRARY = "libc++";
				CLANG_ENABLE_MODULES = YES;
				CLANG_ENABLE_OBJC_ARC = YES;
				CLANG_ENABLE_OBJC_WEAK = YES;
				CLANG_WARN_BLOCK_CAPTURE_AUTORELEASING = YES;
				CLANG_WARN_BOOL_CONVERSION = YES;
				CLANG_WARN_COMMA = YES;
				CLANG_WARN_CONSTANT_CONVERSION = YES;
				CLANG_WARN_DEPRECATED_OBJC_IMPLEMENTATIONS = YES;
				CLANG_WARN_DIRECT_OBJC_ISA_USAGE = YES_ERROR;
				CLANG_WARN_DOCUMENTATION_COMMENTS = YES;
				CLANG_WARN_EMPTY_BODY = YES;
				CLANG_WARN_ENUM_CONVERSION = YES;
				CLANG_WARN_INFINITE_RECURSION = YES;
				CLANG_WARN_INT_CONVERSION = YES;
				CLANG_WARN_NON_LITERAL_NULL_CONVERSION = YES;
				CLANG_WARN_OBJC_IMPLICIT_RETAIN_SELF = YES;
				CLANG_WARN_OBJC_LITERAL_CONVERSION = YES;
				CLANG_WARN_OBJC_ROOT_CLASS = YES_ERROR;
				CLANG_WARN_QUOTED_INCLUDE_IN_FRAMEWORK_HEADER = YES;
				CLANG_WARN_RANGE_LOOP_ANALYSIS = YES;
				CLANG_WARN_STRICT_PROTOTYPES = YES;
				CLANG_WARN_SUSPICIOUS_MOVE = YES;
				CLANG_WARN_UNGUARDED_AVAILABILITY = YES_AGGRESSIVE;
				CLANG_WARN_UNREACHABLE_CODE = YES;
				CLANG_WARN__DUPLICATE_METHOD_MATCH = YES;
				COPY_PHASE_STRIP = NO;
				DEBUG_INFORMATION_FORMAT = dwarf;
				ENABLE_STRICT_OBJC_MSGSEND = YES;
				ENABLE_TESTABILITY = YES;
				GCC_C_LANGUAGE_STANDARD = gnu11;
				GCC_DYNAMIC_NO_PIC = NO;
				GCC_NO_COMMON_BLOCKS = YES;
				GCC_OPTIMIZATION_LEVEL = 0;
				GCC_PREPROCESSOR_DEFINITIONS = (
					"DEBUG=1",
					"$(inherited)",
				);
				GCC_WARN_64_TO_32_BIT_CONVERSION = YES;
				GCC_WARN_ABOUT_RETURN_TYPE = YES_ERROR;
				GCC_WARN_UNDECLARED_SELECTOR = YES;
				GCC_WARN_UNINITIALIZED_AUTOS = YES_AGGRESSIVE;
				GCC_WARN_UNUSED_FUNCTION = YES;
				GCC_WARN_UNUSED_VARIABLE = YES;
				IPHONEOS_DEPLOYMENT_TARGET = 15.2;
				MTL_ENABLE_DEBUG_INFO = INCLUDE_SOURCE;
				MTL_FAST_MATH = YES;
				ONLY_ACTIVE_ARCH = YES;
				SDKROOT = iphoneos;
				SWIFT_ACTIVE_COMPILATION_CONDITIONS = DEBUG;
				SWIFT_OPTIMIZATION_LEVEL = "-Onone";
			};
			name = Debug;
		};
		AD367F1B282C47EB00592D0D /* Release */ = {
			isa = XCBuildConfiguration;
			buildSettings = {
				ALWAYS_SEARCH_USER_PATHS = NO;
				CLANG_ANALYZER_NONNULL = YES;
				CLANG_ANALYZER_NUMBER_OBJECT_CONVERSION = YES_AGGRESSIVE;
				CLANG_CXX_LANGUAGE_STANDARD = "gnu++17";
				CLANG_CXX_LIBRARY = "libc++";
				CLANG_ENABLE_MODULES = YES;
				CLANG_ENABLE_OBJC_ARC = YES;
				CLANG_ENABLE_OBJC_WEAK = YES;
				CLANG_WARN_BLOCK_CAPTURE_AUTORELEASING = YES;
				CLANG_WARN_BOOL_CONVERSION = YES;
				CLANG_WARN_COMMA = YES;
				CLANG_WARN_CONSTANT_CONVERSION = YES;
				CLANG_WARN_DEPRECATED_OBJC_IMPLEMENTATIONS = YES;
				CLANG_WARN_DIRECT_OBJC_ISA_USAGE = YES_ERROR;
				CLANG_WARN_DOCUMENTATION_COMMENTS = YES;
				CLANG_WARN_EMPTY_BODY = YES;
				CLANG_WARN_ENUM_CONVERSION = YES;
				CLANG_WARN_INFINITE_RECURSION = YES;
				CLANG_WARN_INT_CONVERSION = YES;
				CLANG_WARN_NON_LITERAL_NULL_CONVERSION = YES;
				CLANG_WARN_OBJC_IMPLICIT_RETAIN_SELF = YES;
				CLANG_WARN_OBJC_LITERAL_CONVERSION = YES;
				CLANG_WARN_OBJC_ROOT_CLASS = YES_ERROR;
				CLANG_WARN_QUOTED_INCLUDE_IN_FRAMEWORK_HEADER = YES;
				CLANG_WARN_RANGE_LOOP_ANALYSIS = YES;
				CLANG_WARN_STRICT_PROTOTYPES = YES;
				CLANG_WARN_SUSPICIOUS_MOVE = YES;
				CLANG_WARN_UNGUARDED_AVAILABILITY = YES_AGGRESSIVE;
				CLANG_WARN_UNREACHABLE_CODE = YES;
				CLANG_WARN__DUPLICATE_METHOD_MATCH = YES;
				COPY_PHASE_STRIP = NO;
				DEBUG_INFORMATION_FORMAT = "dwarf-with-dsym";
				ENABLE_NS_ASSERTIONS = NO;
				ENABLE_STRICT_OBJC_MSGSEND = YES;
				GCC_C_LANGUAGE_STANDARD = gnu11;
				GCC_NO_COMMON_BLOCKS = YES;
				GCC_WARN_64_TO_32_BIT_CONVERSION = YES;
				GCC_WARN_ABOUT_RETURN_TYPE = YES_ERROR;
				GCC_WARN_UNDECLARED_SELECTOR = YES;
				GCC_WARN_UNINITIALIZED_AUTOS = YES_AGGRESSIVE;
				GCC_WARN_UNUSED_FUNCTION = YES;
				GCC_WARN_UNUSED_VARIABLE = YES;
				IPHONEOS_DEPLOYMENT_TARGET = 15.2;
				MTL_ENABLE_DEBUG_INFO = NO;
				MTL_FAST_MATH = YES;
				SDKROOT = iphoneos;
				SWIFT_COMPILATION_MODE = wholemodule;
				SWIFT_OPTIMIZATION_LEVEL = "-O";
				VALIDATE_PRODUCT = YES;
			};
			name = Release;
		};
		AD367F1D282C47EB00592D0D /* Debug */ = {
			isa = XCBuildConfiguration;
			baseConfigurationReference = 30DCF0236A5E1B48B64587FA /* Pods-FirstMapKitApp.debug.xcconfig */;
			buildSettings = {
				ASSETCATALOG_COMPILER_APPICON_NAME = AppIcon;
				ASSETCATALOG_COMPILER_GLOBAL_ACCENT_COLOR_NAME = AccentColor;
				CODE_SIGN_STYLE = Automatic;
				CURRENT_PROJECT_VERSION = 1;
				DEVELOPMENT_TEAM = RGKK797JHY;
				GENERATE_INFOPLIST_FILE = YES;
				INFOPLIST_FILE = FirstMapKitApp/Info.plist;
				INFOPLIST_KEY_UIApplicationSupportsIndirectInputEvents = YES;
				INFOPLIST_KEY_UILaunchStoryboardName = LaunchScreen;
				INFOPLIST_KEY_UIMainStoryboardFile = Main;
				INFOPLIST_KEY_UISupportedInterfaceOrientations_iPad = "UIInterfaceOrientationPortrait UIInterfaceOrientationPortraitUpsideDown UIInterfaceOrientationLandscapeLeft UIInterfaceOrientationLandscapeRight";
				INFOPLIST_KEY_UISupportedInterfaceOrientations_iPhone = "UIInterfaceOrientationPortrait UIInterfaceOrientationLandscapeLeft UIInterfaceOrientationLandscapeRight";
				IPHONEOS_DEPLOYMENT_TARGET = 15.2;
				LD_RUNPATH_SEARCH_PATHS = (
					"$(inherited)",
					"@executable_path/Frameworks",
				);
				MARKETING_VERSION = 1.0;
				PRODUCT_BUNDLE_IDENTIFIER = raul.FirstMapKitApp;
				PRODUCT_NAME = "$(TARGET_NAME)";
				SWIFT_EMIT_LOC_STRINGS = YES;
				SWIFT_VERSION = 5.0;
				TARGETED_DEVICE_FAMILY = "1,2";
			};
			name = Debug;
		};
		AD367F1E282C47EB00592D0D /* Release */ = {
			isa = XCBuildConfiguration;
			baseConfigurationReference = 728976EFC97C3C9A3A521BB5 /* Pods-FirstMapKitApp.release.xcconfig */;
			buildSettings = {
				ASSETCATALOG_COMPILER_APPICON_NAME = AppIcon;
				ASSETCATALOG_COMPILER_GLOBAL_ACCENT_COLOR_NAME = AccentColor;
				CODE_SIGN_STYLE = Automatic;
				CURRENT_PROJECT_VERSION = 1;
				DEVELOPMENT_TEAM = RGKK797JHY;
				GENERATE_INFOPLIST_FILE = YES;
				INFOPLIST_FILE = FirstMapKitApp/Info.plist;
				INFOPLIST_KEY_UIApplicationSupportsIndirectInputEvents = YES;
				INFOPLIST_KEY_UILaunchStoryboardName = LaunchScreen;
				INFOPLIST_KEY_UIMainStoryboardFile = Main;
				INFOPLIST_KEY_UISupportedInterfaceOrientations_iPad = "UIInterfaceOrientationPortrait UIInterfaceOrientationPortraitUpsideDown UIInterfaceOrientationLandscapeLeft UIInterfaceOrientationLandscapeRight";
				INFOPLIST_KEY_UISupportedInterfaceOrientations_iPhone = "UIInterfaceOrientationPortrait UIInterfaceOrientationLandscapeLeft UIInterfaceOrientationLandscapeRight";
				IPHONEOS_DEPLOYMENT_TARGET = 15.2;
				LD_RUNPATH_SEARCH_PATHS = (
					"$(inherited)",
					"@executable_path/Frameworks",
				);
				MARKETING_VERSION = 1.0;
				PRODUCT_BUNDLE_IDENTIFIER = raul.FirstMapKitApp;
				PRODUCT_NAME = "$(TARGET_NAME)";
				SWIFT_EMIT_LOC_STRINGS = YES;
				SWIFT_VERSION = 5.0;
				TARGETED_DEVICE_FAMILY = "1,2";
			};
			name = Release;
		};
/* End XCBuildConfiguration section */

/* Begin XCConfigurationList section */
		AD367F03282C47E800592D0D /* Build configuration list for PBXProject "FirstMapKitApp" */ = {
			isa = XCConfigurationList;
			buildConfigurations = (
				AD367F1A282C47EB00592D0D /* Debug */,
				AD367F1B282C47EB00592D0D /* Release */,
			);
			defaultConfigurationIsVisible = 0;
			defaultConfigurationName = Release;
		};
		AD367F1C282C47EB00592D0D /* Build configuration list for PBXNativeTarget "FirstMapKitApp" */ = {
			isa = XCConfigurationList;
			buildConfigurations = (
				AD367F1D282C47EB00592D0D /* Debug */,
				AD367F1E282C47EB00592D0D /* Release */,
			);
			defaultConfigurationIsVisible = 0;
			defaultConfigurationName = Release;
		};
/* End XCConfigurationList section */
	};
	rootObject = AD367F00282C47E800592D0D /* Project object */;
}
